# THIS IS AN AUTOGENERATED FILE. DO NOT EDIT THIS FILE DIRECTLY.
# yarn lockfile v1


"@xmldom/xmldom@^0.7.5":
  version "0.7.5"
  resolved "https://registry.yarnpkg.com/@xmldom/xmldom/-/xmldom-0.7.5.tgz#09fa51e356d07d0be200642b0e4f91d8e6dd408d"
  integrity sha512-V3BIhmY36fXZ1OtVcI9W+FxQqxVLsPKcNjWigIaa81dLC9IolJl5Mt4Cvhmr0flUnjSpTdrbMTSbXqYqV5dT6A==

pdf2json@^2.0.0:
  version "2.0.0"
  resolved "https://registry.yarnpkg.com/pdf2json/-/pdf2json-2.0.0.tgz#6112b70456c57ecd78bc57f4eecfe423aef6b2d0"
  integrity sha512-+FZy7GSvLOLc+zksg0SoMvXqIqcku5lBlEPuYJJkhMWB2x6yfthzEhhSbZc20UheClMPagH/+NXnMRbvQMQR1w==
  dependencies:
    "@xmldom/xmldom" "^0.7.5"
